
Microsoft Visual Studio Solution File, Format Version 12.00
# Visual Studio Version 17
VisualStudioVersion = 17.8.34511.84
MinimumVisualStudioVersion = 10.0.40219.1
Project("{FAE04EC0-301F-11D3-BF4B-00C04F79EFBC}") = "Memento_clasesAnidadas", "Memento_clasesAnidadas\Memento_clasesAnidadas.csproj", "{A6153387-8BC2-423A-B845-B27E0770FE33}"
EndProject
Global
	GlobalSection(SolutionConfigurationPlatforms) = preSolution
		Debug|Any CPU = Debug|Any CPU
		Release|Any CPU = Release|Any CPU
	EndGlobalSection
	GlobalSection(ProjectConfigurationPlatforms) = postSolution
		{A6153387-8BC2-423A-B845-B27E0770FE33}.Debug|Any CPU.ActiveCfg = Debug|Any CPU
		{A6153387-8BC2-423A-B845-B27E0770FE33}.Debug|Any CPU.Build.0 = Debug|Any CPU
		{A6153387-8BC2-423A-B845-B27E0770FE33}.Release|Any CPU.ActiveCfg = Release|Any CPU
		{A6153387-8BC2-423A-B845-B27E0770FE33}.Release|Any CPU.Build.0 = Release|Any CPU
	EndGlobalSection
	GlobalSection(SolutionProperties) = preSolution
		HideSolutionNode = FALSE
	EndGlobalSection
	GlobalSection(ExtensibilityGlobals) = postSolution
		SolutionGuid = {6F963EF9-8B2D-4E92-8F23-7BAE5654F5F2}
	EndGlobalSection
EndGlobal
